# Generated by pub
# See https://dart.dev/tools/pub/glossary#lockfile
packages:
  characters:
    dependency: transitive
    description:
      name: characters
      sha256: "04a925763edad70e8443c99234dc3328f442e811f1d8fd1a72f1c8ad0f69a605"
      url: "https://pub.dev"
    source: hosted
    version: "1.3.0"
  clock:
    dependency: transitive
    description:
      name: clock
      sha256: cb6d7f03e1de671e34607e909a7213e31d7752be4fb66a86d29fe1eb14bfb5cf
      url: "https://pub.dev"
    source: hosted
    version: "1.1.1"
  collection:
    dependency: transitive
    description:
      name: collection
      sha256: ee67cb0715911d28db6bf4af1026078bd6f0128b07a5f66fb2ed94ec6783c09a
      url: "https://pub.dev"
    source: hosted
    version: "1.18.0"
  cupertino_icons:
    dependency: "direct main"
    description:
      name: cupertino_icons
      sha256: d57953e10f9f8327ce64a508a355f0b1ec902193f66288e8cb5070e7c47eeb2d
      url: "https://pub.dev"
    source: hosted
    version: "1.0.6"
  flutter:
    dependency: "direct main"
    description: flutter
    source: sdk
    version: "0.0.0"
  flutter_localizations:
    dependency: "direct main"
    description: flutter
    source: sdk
    version: "0.0.0"
  intl:
    dependency: transitive
    description:
      name: intl
      sha256: d6f56758b7d3014a48af9701c085700aac781a92a87a62b1333b46d8879661cf
      url: "https://pub.dev"
    source: hosted
    version: "0.19.0"
  material_color_utilities:
    dependency: transitive
    description:
      name: material_color_utilities
      sha256: "0e0a020085b65b6083975e499759762399b4475f766c21668c4ecca34ea74e5a"
      url: "https://pub.dev"
    source: hosted
    version: "0.8.0"
  meta:
    dependency: transitive
    description:
      name: meta
      sha256: "7687075e408b093f36e6bbf6c91878cc0d4cd10f409506f7bc996f68220b9136"
      url: "https://pub.dev"
    source: hosted
    version: "1.12.0"
  path:
    dependency: transitive
    description:
      name: path
      sha256: "087ce49c3f0dc39180befefc60fdb4acd8f8620e5682fe2476afd0b3688bb4af"
      url: "https://pub.dev"
    source: hosted
    version: "1.9.0"
  sky_engine:
    dependency: transitive
    description: flutter
    source: sdk
    version: "0.0.99"
  syncfusion_flutter_calendar:
    dependency: "direct main"
    description:
      name: syncfusion_flutter_calendar
      sha256: "7940ef6bb3a619e26542e52ecbb4b987ea229789e6bc59d730b6186c6f9c902d"
      url: "https://pub.dev"
    source: hosted
    version: "19.4.56"
  syncfusion_flutter_core:
    dependency: transitive
    description:
      name: syncfusion_flutter_core
      sha256: "9be1bb9bbdb42823439a18da71484f1964c14dbe1c255ab1b931932b12fa96e8"
      url: "https://pub.dev"
    source: hosted
    version: "19.4.56"
  syncfusion_flutter_datepicker:
    dependency: transitive
    description:
      name: syncfusion_flutter_datepicker
      sha256: ff428c4e2ebd753c2f8f3b2aa60e96e014c9ca2653ce7007c7a603e560973f34
      url: "https://pub.dev"
    source: hosted
    version: "19.4.56"
  syncfusion_localizations:
    dependency: "direct main"
    description:
      name: syncfusion_localizations
      sha256: "11dc9e1a312376b44001177f730d3ba76e42bc56ad923432a3bf99ddd22e16a4"
      url: "https://pub.dev"
    source: hosted
    version: "19.4.56"
  timezone:
    dependency: transitive
    description:
      name: timezone
      sha256: "57b35f6e8ef731f18529695bffc62f92c6189fac2e52c12d478dec1931afb66e"
      url: "https://pub.dev"
    source: hosted
    version: "0.8.0"
  vector_math:
    dependency: transitive
    description:
      name: vector_math
      sha256: "80b3257d1492ce4d091729e3a67a60407d227c27241d6927be0130c98e741803"
      url: "https://pub.dev"
    source: hosted
    version: "2.1.4"
sdks:
  dart: ">=3.3.0-0 <4.0.0"
